
Microsoft Visual Studio Solution File, Format Version 12.00
# Visual Studio 2013
VisualStudioVersion = 12.0.40629.0
MinimumVisualStudioVersion = 10.0.40219.1
Project("{FAE04EC0-301F-11D3-BF4B-00C04F79EFBC}") = "Odev part2(2)", "Odev part2(2)\Odev part2(2).csproj", "{042A1131-C782-4300-B8D9-1D9A473E9BD0}"
EndProject
Global
	GlobalSection(SolutionConfigurationPlatforms) = preSolution
		Debug|Any CPU = Debug|Any CPU
		Release|Any CPU = Release|Any CPU
	EndGlobalSection
	GlobalSection(ProjectConfigurationPlatforms) = postSolution
		{042A1131-C782-4300-B8D9-1D9A473E9BD0}.Debug|Any CPU.ActiveCfg = Debug|Any CPU
		{042A1131-C782-4300-B8D9-1D9A473E9BD0}.Debug|Any CPU.Build.0 = Debug|Any CPU
		{042A1131-C782-4300-B8D9-1D9A473E9BD0}.Release|Any CPU.ActiveCfg = Release|Any CPU
		{042A1131-C782-4300-B8D9-1D9A473E9BD0}.Release|Any CPU.Build.0 = Release|Any CPU
	EndGlobalSection
	GlobalSection(SolutionProperties) = preSolution
		HideSolutionNode = FALSE
	EndGlobalSection
EndGlobal
